{
	"name": "patel",
	"version": "0.33.0",
	"lockfileVersion": 1,
	"requires": true,
	"dependencies": {
		"amdefine": {
			"version": "1.0.1",
			"resolved": "https://registry.npmjs.org/amdefine/-/amdefine-1.0.1.tgz",
			"integrity": "sha1-SlKCrBZHKek2Gbz9OtFR+BfOkfU="
		},
		"ansi-regex": {
			"version": "2.1.1",
			"resolved": "https://registry.npmjs.org/ansi-regex/-/ansi-regex-2.1.1.tgz",
			"integrity": "sha1-w7M6te42DYbg5ijwRorn7yfWVN8="
		},
		"builtin-modules": {
			"version": "1.1.1",
			"resolved": "https://registry.npmjs.org/builtin-modules/-/builtin-modules-1.1.1.tgz",
			"integrity": "sha1-Jw8HbFpywC9bZaR9+Uxf46J4iS8="
		},
		"camelcase": {
			"version": "3.0.0",
			"resolved": "https://registry.npmjs.org/camelcase/-/camelcase-3.0.0.tgz",
			"integrity": "sha1-MvxLn82vhF/N9+c7uXysImHwqwo="
		},
		"cliui": {
			"version": "3.2.0",
			"resolved": "https://registry.npmjs.org/cliui/-/cliui-3.2.0.tgz",
			"integrity": "sha1-EgYBU3qRbSmUD5NNo7SNWFo5IT0=",
			"requires": {
				"string-width": "1.0.2",
				"strip-ansi": "3.0.1",
				"wrap-ansi": "2.1.0"
			}
		},
		"code-point-at": {
			"version": "1.1.0",
			"resolved": "https://registry.npmjs.org/code-point-at/-/code-point-at-1.1.0.tgz",
			"integrity": "sha1-DQcLTQQ6W+ozovGkDi7bPZpMz3c="
		},
		"decamelize": {
			"version": "1.2.0",
			"resolved": "https://registry.npmjs.org/decamelize/-/decamelize-1.2.0.tgz",
			"integrity": "sha1-9lNNFRSCabIDUue+4m9QH5oZEpA="
		},
		"deep-is": {
			"version": "0.1.3",
			"resolved": "https://registry.npmjs.org/deep-is/-/deep-is-0.1.3.tgz",
			"integrity": "sha1-s2nW+128E+7PUk+RsHD+7cNXzzQ="
		},
		"error-ex": {
			"version": "1.3.2",
			"resolved": "https://registry.npmjs.org/error-ex/-/error-ex-1.3.2.tgz",
			"integrity": "sha512-7dFHNmqeFSEt2ZBsCriorKnn3Z2pj+fd9kmI6QoWw4//DL+icEBfc0U7qJCisqrTsKTjw4fNFy2pW9OqStD84g==",
			"requires": {
				"is-arrayish": "0.2.1"
			}
		},
		"escodegen": {
			"version": "1.11.0",
			"resolved": "https://registry.npmjs.org/escodegen/-/escodegen-1.11.0.tgz",
			"integrity": "sha512-IeMV45ReixHS53K/OmfKAIztN/igDHzTJUhZM3k1jMhIZWjk45SMwAtBsEXiJp3vSPmTcu6CXn7mDvFHRN66fw==",
			"requires": {
				"esprima": "3.1.3",
				"estraverse": "4.2.0",
				"esutils": "2.0.2",
				"optionator": "0.8.2",
				"source-map": "0.6.1"
			}
		},
		"escope": {
			"version": "1.0.3",
			"resolved": "https://registry.npmjs.org/escope/-/escope-1.0.3.tgz",
			"integrity": "sha1-dZ3OhJbEJI/sLQyq9BCLzz8af10=",
			"requires": {
				"estraverse": "2.0.0"
			},
			"dependencies": {
				"estraverse": {
					"version": "2.0.0",
					"resolved": "https://registry.npmjs.org/estraverse/-/estraverse-2.0.0.tgz",
					"integrity": "sha1-WuRpYyQ2ACBmdMyySgnhZnT83KE="
				}
			}
		},
		"esmangle": {
			"version": "1.0.1",
			"resolved": "https://registry.npmjs.org/esmangle/-/esmangle-1.0.1.tgz",
			"integrity": "sha1-2bs3uPjq+/Tm1O1reqKVarvTxMI=",
			"requires": {
				"escodegen": "1.3.3",
				"escope": "1.0.3",
				"esprima": "1.1.1",
				"esshorten": "1.1.1",
				"estraverse": "1.5.1",
				"esutils": "1.0.0",
				"optionator": "0.3.0",
				"source-map": "0.1.43"
			},
			"dependencies": {
				"escodegen": {
					"version": "1.3.3",
					"resolved": "https://registry.npmjs.org/escodegen/-/escodegen-1.3.3.tgz",
					"integrity": "sha1-8CQBb1qI4Eb9EgBQVek5gC5sXyM=",
					"requires": {
						"esprima": "1.1.1",
						"estraverse": "1.5.1",
						"esutils": "1.0.0",
						"source-map": "0.1.43"
					}
				},
				"esprima": {
					"version": "1.1.1",
					"resolved": "https://registry.npmjs.org/esprima/-/esprima-1.1.1.tgz",
					"integrity": "sha1-W28VR/TRAuZw4UDFCb5ncdautUk="
				},
				"estraverse": {
					"version": "1.5.1",
					"resolved": "https://registry.npmjs.org/estraverse/-/estraverse-1.5.1.tgz",
					"integrity": "sha1-hno+jlip+EYYr7bC3bzZFrfLr3E="
				},
				"esutils": {
					"version": "1.0.0",
					"resolved": "https://registry.npmjs.org/esutils/-/esutils-1.0.0.tgz",
					"integrity": "sha1-gVHTWOIMisx/t0XnRywAJf5JZXA="
				},
				"fast-levenshtein": {
					"version": "1.0.7",
					"resolved": "https://registry.npmjs.org/fast-levenshtein/-/fast-levenshtein-1.0.7.tgz",
					"integrity": "sha1-AXjc3uAjuSkFGTrwlZ6KdjnP3Lk="
				},
				"levn": {
					"version": "0.2.5",
					"resolved": "https://registry.npmjs.org/levn/-/levn-0.2.5.tgz",
					"integrity": "sha1-uo0znQykphDjo/FFucr0iAcVUFQ=",
					"requires": {
						"prelude-ls": "1.1.2",
						"type-check": "0.3.2"
					}
				},
				"optionator": {
					"version": "0.3.0",
					"resolved": "https://registry.npmjs.org/optionator/-/optionator-0.3.0.tgz",
					"integrity": "sha1-lxWotfXnWGz/BsgkngOc1zZNP1Q=",
					"requires": {
						"deep-is": "0.1.3",
						"fast-levenshtein": "1.0.7",
						"levn": "0.2.5",
						"prelude-ls": "1.1.2",
						"type-check": "0.3.2",
						"wordwrap": "0.0.3"
					}
				},
				"source-map": {
					"version": "0.1.43",
					"resolved": "https://registry.npmjs.org/source-map/-/source-map-0.1.43.tgz",
					"integrity": "sha1-wkvBRspRfBRx9drL4lcbK3+eM0Y=",
					"requires": {
						"amdefine": "1.0.1"
					}
				},
				"wordwrap": {
					"version": "0.0.3",
					"resolved": "https://registry.npmjs.org/wordwrap/-/wordwrap-0.0.3.tgz",
					"integrity": "sha1-o9XabNXAvAAI03I0u68b7WMFkQc="
				}
			}
		},
		"esprima": {
			"version": "3.1.3",
			"resolved": "https://registry.npmjs.org/esprima/-/esprima-3.1.3.tgz",
			"integrity": "sha1-/cpRzuYTOJXjyI1TXOSdv/YqRjM="
		},
		"esshorten": {
			"version": "1.1.1",
			"resolved": "https://registry.npmjs.org/esshorten/-/esshorten-1.1.1.tgz",
			"integrity": "sha1-F0+Wt8wmfkaHLYFOfbfCkL3/Yak=",
			"requires": {
				"escope": "1.0.3",
				"estraverse": "4.1.1",
				"esutils": "2.0.2"
			},
			"dependencies": {
				"estraverse": {
					"version": "4.1.1",
					"resolved": "https://registry.npmjs.org/estraverse/-/estraverse-4.1.1.tgz",
					"integrity": "sha1-9srKcokzqFDvkGYdDheYK6RxEaI="
				}
			}
		},
		"estraverse": {
			"version": "4.2.0",
			"resolved": "https://registry.npmjs.org/estraverse/-/estraverse-4.2.0.tgz",
			"integrity": "sha1-De4/7TH81GlhjOc0IJn8GvoL2xM="
		},
		"esutils": {
			"version": "2.0.2",
			"resolved": "https://registry.npmjs.org/esutils/-/esutils-2.0.2.tgz",
			"integrity": "sha1-Cr9PHKpbyx96nYrMbepPqqBLrJs="
		},
		"fast-levenshtein": {
			"version": "2.0.6",
			"resolved": "https://registry.npmjs.org/fast-levenshtein/-/fast-levenshtein-2.0.6.tgz",
			"integrity": "sha1-PYpcZog6FqMMqGQ+hR8Zuqd5eRc="
		},
		"find-up": {
			"version": "1.1.2",
			"resolved": "https://registry.npmjs.org/find-up/-/find-up-1.1.2.tgz",
			"integrity": "sha1-ay6YIrGizgpgq2TWEOzK1TyyTQ8=",
			"requires": {
				"path-exists": "2.1.0",
				"pinkie-promise": "2.0.1"
			}
		},
		"get-caller-file": {
			"version": "1.0.3",
			"resolved": "https://registry.npmjs.org/get-caller-file/-/get-caller-file-1.0.3.tgz",
			"integrity": "sha512-3t6rVToeoZfYSGd8YoLFR2DJkiQrIiUrGcjvFX2mDw3bn6k2OtwHN0TNCLbBO+w8qTvimhDkv+LSscbJY1vE6w=="
		},
		"graceful-fs": {
			"version": "4.1.11",
			"resolved": "https://registry.npmjs.org/graceful-fs/-/graceful-fs-4.1.11.tgz",
			"integrity": "sha1-Dovf5NHduIVNZOBOp8AOKgJuVlg="
		},
		"hosted-git-info": {
			"version": "2.7.1",
			"resolved": "https://registry.npmjs.org/hosted-git-info/-/hosted-git-info-2.7.1.tgz",
			"integrity": "sha512-7T/BxH19zbcCTa8XkMlbK5lTo1WtgkFi3GvdWEyNuc4Vex7/9Dqbnpsf4JMydcfj9HCg4zUWFTL3Za6lapg5/w=="
		},
		"invert-kv": {
			"version": "1.0.0",
			"resolved": "https://registry.npmjs.org/invert-kv/-/invert-kv-1.0.0.tgz",
			"integrity": "sha1-EEqOSqym09jNFXqO+L+rLXo//bY="
		},
		"is-arrayish": {
			"version": "0.2.1",
			"resolved": "https://registry.npmjs.org/is-arrayish/-/is-arrayish-0.2.1.tgz",
			"integrity": "sha1-d8mYQFJ6qOyxqLppe4BkWnqSap0="
		},
		"is-builtin-module": {
			"version": "1.0.0",
			"resolved": "https://registry.npmjs.org/is-builtin-module/-/is-builtin-module-1.0.0.tgz",
			"integrity": "sha1-VAVy0096wxGfj3bDDLwbHgN6/74=",
			"requires": {
				"builtin-modules": "1.1.1"
			}
		},
		"is-fullwidth-code-point": {
			"version": "1.0.0",
			"resolved": "https://registry.npmjs.org/is-fullwidth-code-point/-/is-fullwidth-code-point-1.0.0.tgz",
			"integrity": "sha1-754xOG8DGn8NZDr4L95QxFfvAMs=",
			"requires": {
				"number-is-nan": "1.0.1"
			}
		},
		"is-utf8": {
			"version": "0.2.1",
			"resolved": "https://registry.npmjs.org/is-utf8/-/is-utf8-0.2.1.tgz",
			"integrity": "sha1-Sw2hRCEE0bM2NA6AeX6GXPOffXI="
		},
		"lcid": {
			"version": "1.0.0",
			"resolved": "https://registry.npmjs.org/lcid/-/lcid-1.0.0.tgz",
			"integrity": "sha1-MIrMr6C8SDo4Z7S28rlQYlHRuDU=",
			"requires": {
				"invert-kv": "1.0.0"
			}
		},
		"levn": {
			"version": "0.3.0",
			"resolved": "https://registry.npmjs.org/levn/-/levn-0.3.0.tgz",
			"integrity": "sha1-OwmSTt+fCDwEkP3UwLxEIeBHZO4=",
			"requires": {
				"prelude-ls": "1.1.2",
				"type-check": "0.3.2"
			}
		},
		"load-json-file": {
			"version": "1.1.0",
			"resolved": "https://registry.npmjs.org/load-json-file/-/load-json-file-1.1.0.tgz",
			"integrity": "sha1-lWkFcI1YtLq0wiYbBPWfMcmTdMA=",
			"requires": {
				"graceful-fs": "4.1.11",
				"parse-json": "2.2.0",
				"pify": "2.3.0",
				"pinkie-promise": "2.0.1",
				"strip-bom": "2.0.0"
			}
		},
		"normalize-package-data": {
			"version": "2.4.0",
			"resolved": "https://registry.npmjs.org/normalize-package-data/-/normalize-package-data-2.4.0.tgz",
			"integrity": "sha512-9jjUFbTPfEy3R/ad/2oNbKtW9Hgovl5O1FvFWKkKblNXoN/Oou6+9+KKohPK13Yc3/TyunyWhJp6gvRNR/PPAw==",
			"requires": {
				"hosted-git-info": "2.7.1",
				"is-builtin-module": "1.0.0",
				"semver": "5.5.1",
				"validate-npm-package-license": "3.0.4"
			}
		},
		"number-is-nan": {
			"version": "1.0.1",
			"resolved": "https://registry.npmjs.org/number-is-nan/-/number-is-nan-1.0.1.tgz",
			"integrity": "sha1-CXtgK1NCKlIsGvuHkDGDNpQaAR0="
		},
		"optionator": {
			"version": "0.8.2",
			"resolved": "https://registry.npmjs.org/optionator/-/optionator-0.8.2.tgz",
			"integrity": "sha1-NkxeQJ0/TWMB1sC0wFu6UBgK62Q=",
			"requires": {
				"deep-is": "0.1.3",
				"fast-levenshtein": "2.0.6",
				"levn": "0.3.0",
				"prelude-ls": "1.1.2",
				"type-check": "0.3.2",
				"wordwrap": "1.0.0"
			}
		},
		"os-locale": {
			"version": "1.4.0",
			"resolved": "http://registry.npmjs.org/os-locale/-/os-locale-1.4.0.tgz",
			"integrity": "sha1-IPnxeuKe00XoveWDsT0gCYA8FNk=",
			"requires": {
				"lcid": "1.0.0"
			}
		},
		"parse-json": {
			"version": "2.2.0",
			"resolved": "https://registry.npmjs.org/parse-json/-/parse-json-2.2.0.tgz",
			"integrity": "sha1-9ID0BDTvgHQfhGkJn43qGPVaTck=",
			"requires": {
				"error-ex": "1.3.2"
			}
		},
		"path-exists": {
			"version": "2.1.0",
			"resolved": "https://registry.npmjs.org/path-exists/-/path-exists-2.1.0.tgz",
			"integrity": "sha1-D+tsZPD8UY2adU3V77YscCJ2H0s=",
			"requires": {
				"pinkie-promise": "2.0.1"
			}
		},
		"path-type": {
			"version": "1.1.0",
			"resolved": "https://registry.npmjs.org/path-type/-/path-type-1.1.0.tgz",
			"integrity": "sha1-WcRPfuSR2nBNpBXaWkBwuk+P5EE=",
			"requires": {
				"graceful-fs": "4.1.11",
				"pify": "2.3.0",
				"pinkie-promise": "2.0.1"
			}
		},
		"patrisika": {
			"version": "0.21.0",
			"resolved": "https://registry.npmjs.org/patrisika/-/patrisika-0.21.0.tgz",
			"integrity": "sha1-uCwn99QEFSLcXDG0O3xu+xnkdII=",
			"requires": {
				"patrisika-scopes": "0.11.0"
			}
		},
		"patrisika-scopes": {
			"version": "0.11.0",
			"resolved": "https://registry.npmjs.org/patrisika-scopes/-/patrisika-scopes-0.11.0.tgz",
			"integrity": "sha1-BSqddkoWXgs0zDW2ViqIJCA2tAM="
		},
		"pify": {
			"version": "2.3.0",
			"resolved": "https://registry.npmjs.org/pify/-/pify-2.3.0.tgz",
			"integrity": "sha1-7RQaasBDqEnqWISY59yosVMw6Qw="
		},
		"pinkie": {
			"version": "2.0.4",
			"resolved": "https://registry.npmjs.org/pinkie/-/pinkie-2.0.4.tgz",
			"integrity": "sha1-clVrgM+g1IqXToDnckjoDtT3+HA="
		},
		"pinkie-promise": {
			"version": "2.0.1",
			"resolved": "https://registry.npmjs.org/pinkie-promise/-/pinkie-promise-2.0.1.tgz",
			"integrity": "sha1-ITXW36ejWMBprJsXh3YogihFD/o=",
			"requires": {
				"pinkie": "2.0.4"
			}
		},
		"prelude-ls": {
			"version": "1.1.2",
			"resolved": "https://registry.npmjs.org/prelude-ls/-/prelude-ls-1.1.2.tgz",
			"integrity": "sha1-IZMqVJ9eUv/ZqCf1cOBL5iqX2lQ="
		},
		"read-pkg": {
			"version": "1.1.0",
			"resolved": "https://registry.npmjs.org/read-pkg/-/read-pkg-1.1.0.tgz",
			"integrity": "sha1-9f+qXs0pyzHAR0vKfXVra7KePyg=",
			"requires": {
				"load-json-file": "1.1.0",
				"normalize-package-data": "2.4.0",
				"path-type": "1.1.0"
			}
		},
		"read-pkg-up": {
			"version": "1.0.1",
			"resolved": "https://registry.npmjs.org/read-pkg-up/-/read-pkg-up-1.0.1.tgz",
			"integrity": "sha1-nWPBMnbAZZGNV/ACpX9AobZD+wI=",
			"requires": {
				"find-up": "1.1.2",
				"read-pkg": "1.1.0"
			}
		},
		"require-directory": {
			"version": "2.1.1",
			"resolved": "https://registry.npmjs.org/require-directory/-/require-directory-2.1.1.tgz",
			"integrity": "sha1-jGStX9MNqxyXbiNE/+f3kqam30I="
		},
		"require-main-filename": {
			"version": "1.0.1",
			"resolved": "https://registry.npmjs.org/require-main-filename/-/require-main-filename-1.0.1.tgz",
			"integrity": "sha1-l/cXtp1IeE9fUmpsWqj/3aBVpNE="
		},
		"resumer": {
			"version": "0.0.0",
			"resolved": "https://registry.npmjs.org/resumer/-/resumer-0.0.0.tgz",
			"integrity": "sha1-8ej0YeQGS6Oegq883CqMiT0HZ1k=",
			"requires": {
				"through": "2.3.8"
			}
		},
		"semver": {
			"version": "5.5.1",
			"resolved": "https://registry.npmjs.org/semver/-/semver-5.5.1.tgz",
			"integrity": "sha512-PqpAxfrEhlSUWge8dwIp4tZnQ25DIOthpiaHNIthsjEFQD6EvqUKUDM7L8O2rShkFccYo1VjJR0coWfNkCubRw=="
		},
		"set-blocking": {
			"version": "2.0.0",
			"resolved": "https://registry.npmjs.org/set-blocking/-/set-blocking-2.0.0.tgz",
			"integrity": "sha1-BF+XgtARrppoA93TgrJDkrPYkPc="
		},
		"source-map": {
			"version": "0.6.1",
			"resolved": "https://registry.npmjs.org/source-map/-/source-map-0.6.1.tgz",
			"integrity": "sha512-UjgapumWlbMhkBgzT7Ykc5YXUT46F0iKu8SGXq0bcwP5dz/h0Plj6enJqjz1Zbq2l5WaqYnrVbwWOWMyF3F47g==",
			"optional": true
		},
		"spdx-correct": {
			"version": "3.0.0",
			"resolved": "https://registry.npmjs.org/spdx-correct/-/spdx-correct-3.0.0.tgz",
			"integrity": "sha512-N19o9z5cEyc8yQQPukRCZ9EUmb4HUpnrmaL/fxS2pBo2jbfcFRVuFZ/oFC+vZz0MNNk0h80iMn5/S6qGZOL5+g==",
			"requires": {
				"spdx-expression-parse": "3.0.0",
				"spdx-license-ids": "3.0.1"
			}
		},
		"spdx-exceptions": {
			"version": "2.1.0",
			"resolved": "https://registry.npmjs.org/spdx-exceptions/-/spdx-exceptions-2.1.0.tgz",
			"integrity": "sha512-4K1NsmrlCU1JJgUrtgEeTVyfx8VaYea9J9LvARxhbHtVtohPs/gFGG5yy49beySjlIMhhXZ4QqujIZEfS4l6Cg=="
		},
		"spdx-expression-parse": {
			"version": "3.0.0",
			"resolved": "https://registry.npmjs.org/spdx-expression-parse/-/spdx-expression-parse-3.0.0.tgz",
			"integrity": "sha512-Yg6D3XpRD4kkOmTpdgbUiEJFKghJH03fiC1OPll5h/0sO6neh2jqRDVHOQ4o/LMea0tgCkbMgea5ip/e+MkWyg==",
			"requires": {
				"spdx-exceptions": "2.1.0",
				"spdx-license-ids": "3.0.1"
			}
		},
		"spdx-license-ids": {
			"version": "3.0.1",
			"resolved": "https://registry.npmjs.org/spdx-license-ids/-/spdx-license-ids-3.0.1.tgz",
			"integrity": "sha512-TfOfPcYGBB5sDuPn3deByxPhmfegAhpDYKSOXZQN81Oyrrif8ZCodOLzK3AesELnCx03kikhyDwh0pfvvQvF8w=="
		},
		"string-width": {
			"version": "1.0.2",
			"resolved": "https://registry.npmjs.org/string-width/-/string-width-1.0.2.tgz",
			"integrity": "sha1-EYvfW4zcUaKn5w0hHgfisLmxB9M=",
			"requires": {
				"code-point-at": "1.1.0",
				"is-fullwidth-code-point": "1.0.0",
				"strip-ansi": "3.0.1"
			}
		},
		"strip-ansi": {
			"version": "3.0.1",
			"resolved": "https://registry.npmjs.org/strip-ansi/-/strip-ansi-3.0.1.tgz",
			"integrity": "sha1-ajhfuIU9lS1f8F0Oiq+UJ43GPc8=",
			"requires": {
				"ansi-regex": "2.1.1"
			}
		},
		"strip-bom": {
			"version": "2.0.0",
			"resolved": "https://registry.npmjs.org/strip-bom/-/strip-bom-2.0.0.tgz",
			"integrity": "sha1-YhmoVhZSBJHzV4i9vxRHqZx+aw4=",
			"requires": {
				"is-utf8": "0.2.1"
			}
		},
		"through": {
			"version": "2.3.8",
			"resolved": "https://registry.npmjs.org/through/-/through-2.3.8.tgz",
			"integrity": "sha1-DdTJ/6q8NXlgsbckEV1+Doai4fU="
		},
		"type-check": {
			"version": "0.3.2",
			"resolved": "https://registry.npmjs.org/type-check/-/type-check-0.3.2.tgz",
			"integrity": "sha1-WITKtRLPHTVeP7eE8wgEsrUg23I=",
			"requires": {
				"prelude-ls": "1.1.2"
			}
		},
		"validate-npm-package-license": {
			"version": "3.0.4",
			"resolved": "https://registry.npmjs.org/validate-npm-package-license/-/validate-npm-package-license-3.0.4.tgz",
			"integrity": "sha512-DpKm2Ui/xN7/HQKCtpZxoRWBhZ9Z0kqtygG8XCgNQ8ZlDnxuQmWhj566j8fN4Cu3/JmbhsDo7fcAJq4s9h27Ew==",
			"requires": {
				"spdx-correct": "3.0.0",
				"spdx-expression-parse": "3.0.0"
			}
		},
		"which-module": {
			"version": "1.0.0",
			"resolved": "https://registry.npmjs.org/which-module/-/which-module-1.0.0.tgz",
			"integrity": "sha1-u6Y8qGGUiZT/MHc2CJ47lgJsKk8="
		},
		"wordwrap": {
			"version": "1.0.0",
			"resolved": "https://registry.npmjs.org/wordwrap/-/wordwrap-1.0.0.tgz",
			"integrity": "sha1-J1hIEIkUVqQXHI0CJkQa3pDLyus="
		},
		"wrap-ansi": {
			"version": "2.1.0",
			"resolved": "http://registry.npmjs.org/wrap-ansi/-/wrap-ansi-2.1.0.tgz",
			"integrity": "sha1-2Pw9KE3QV5T+hJc8rs3Rz4JP3YU=",
			"requires": {
				"string-width": "1.0.2",
				"strip-ansi": "3.0.1"
			}
		},
		"y18n": {
			"version": "3.2.1",
			"resolved": "https://registry.npmjs.org/y18n/-/y18n-3.2.1.tgz",
			"integrity": "sha1-bRX7qITAhnnA136I53WegR4H+kE="
		},
		"yargs": {
			"version": "6.6.0",
			"resolved": "http://registry.npmjs.org/yargs/-/yargs-6.6.0.tgz",
			"integrity": "sha1-eC7CHvQDNF+DCoCMo9UTr1YGUgg=",
			"requires": {
				"camelcase": "3.0.0",
				"cliui": "3.2.0",
				"decamelize": "1.2.0",
				"get-caller-file": "1.0.3",
				"os-locale": "1.4.0",
				"read-pkg-up": "1.0.1",
				"require-directory": "2.1.1",
				"require-main-filename": "1.0.1",
				"set-blocking": "2.0.0",
				"string-width": "1.0.2",
				"which-module": "1.0.0",
				"y18n": "3.2.1",
				"yargs-parser": "4.2.1"
			}
		},
		"yargs-parser": {
			"version": "4.2.1",
			"resolved": "https://registry.npmjs.org/yargs-parser/-/yargs-parser-4.2.1.tgz",
			"integrity": "sha1-KczqwNxPA8bIe0qfIX3RjJ90hxw=",
			"requires": {
				"camelcase": "3.0.0"
			}
		}
	}
}
