{
	"name": "patel",
	"version": "0.36.0",
	"lockfileVersion": 1,
	"requires": true,
	"dependencies": {
		"amdefine": {
			"version": "1.0.1",
			"resolved": "https://registry.npmjs.org/amdefine/-/amdefine-1.0.1.tgz",
			"integrity": "sha1-SlKCrBZHKek2Gbz9OtFR+BfOkfU="
		},
		"ansi-regex": {
			"version": "5.0.0",
			"resolved": "https://registry.npmjs.org/ansi-regex/-/ansi-regex-5.0.0.tgz",
			"integrity": "sha512-bY6fj56OUQ0hU1KjFNDQuJFezqKdrAyFdIevADiqrWHwSlbmBNMHp5ak2f40Pm8JTFyM2mqxkG6ngkHO11f/lg=="
		},
		"ansi-styles": {
			"version": "4.3.0",
			"resolved": "https://registry.npmjs.org/ansi-styles/-/ansi-styles-4.3.0.tgz",
			"integrity": "sha512-zbB9rCJAT1rbjiVDb2hqKFHNYLxgtk8NURxZ3IZwD3F6NtxbXZQCnnSi1Lkx+IDohdPlFp222wVALIheZJQSEg==",
			"requires": {
				"color-convert": "^2.0.1"
			}
		},
		"cliui": {
			"version": "7.0.4",
			"resolved": "https://registry.npmjs.org/cliui/-/cliui-7.0.4.tgz",
			"integrity": "sha512-OcRE68cOsVMXp1Yvonl/fzkQOyjLSu/8bhPDfQt0e0/Eb283TKP20Fs2MqoPsr9SwA595rRCA+QMzYc9nBP+JQ==",
			"requires": {
				"string-width": "^4.2.0",
				"strip-ansi": "^6.0.0",
				"wrap-ansi": "^7.0.0"
			}
		},
		"color-convert": {
			"version": "2.0.1",
			"resolved": "https://registry.npmjs.org/color-convert/-/color-convert-2.0.1.tgz",
			"integrity": "sha512-RRECPsj7iu/xb5oKYcsFHSppFNnsj/52OVTRKb4zP5onXwVF3zVmmToNcOfGC+CRDpfK/U584fMg38ZHCaElKQ==",
			"requires": {
				"color-name": "~1.1.4"
			}
		},
		"color-name": {
			"version": "1.1.4",
			"resolved": "https://registry.npmjs.org/color-name/-/color-name-1.1.4.tgz",
			"integrity": "sha512-dOy+3AuW3a2wNbZHIuMZpTcgjGuLU/uBL/ubcZF9OXbDo8ff4O8yVp5Bf0efS8uEoYo5q4Fx7dY9OgQGXgAsQA=="
		},
		"deep-is": {
			"version": "0.1.3",
			"resolved": "https://registry.npmjs.org/deep-is/-/deep-is-0.1.3.tgz",
			"integrity": "sha1-s2nW+128E+7PUk+RsHD+7cNXzzQ="
		},
		"emoji-regex": {
			"version": "8.0.0",
			"resolved": "https://registry.npmjs.org/emoji-regex/-/emoji-regex-8.0.0.tgz",
			"integrity": "sha512-MSjYzcWNOA0ewAHpz0MxpYFvwg6yjy1NG3xteoqz644VCo/RPgnr1/GGt+ic3iJTzQ8Eu3TdM14SawnVUmGE6A=="
		},
		"escalade": {
			"version": "3.1.1",
			"resolved": "https://registry.npmjs.org/escalade/-/escalade-3.1.1.tgz",
			"integrity": "sha512-k0er2gUkLf8O0zKJiAhmkTnJlTvINGv7ygDNPbeIsX/TJjGJZHuh9B2UxbsaEkmlEo9MfhrSzmhIlhRlI2GXnw=="
		},
		"escodegen": {
			"version": "2.0.0",
			"resolved": "https://registry.npmjs.org/escodegen/-/escodegen-2.0.0.tgz",
			"integrity": "sha512-mmHKys/C8BFUGI+MAWNcSYoORYLMdPzjrknd2Vc+bUsjN5bXcr8EhrNB+UTqfL1y3I9c4fw2ihgtMPQLBRiQxw==",
			"requires": {
				"esprima": "^4.0.1",
				"estraverse": "^5.2.0",
				"esutils": "^2.0.2",
				"optionator": "^0.8.1",
				"source-map": "~0.6.1"
			}
		},
		"escope": {
			"version": "1.0.3",
			"resolved": "https://registry.npmjs.org/escope/-/escope-1.0.3.tgz",
			"integrity": "sha1-dZ3OhJbEJI/sLQyq9BCLzz8af10=",
			"requires": {
				"estraverse": "^2.0.0"
			},
			"dependencies": {
				"estraverse": {
					"version": "2.0.0",
					"resolved": "https://registry.npmjs.org/estraverse/-/estraverse-2.0.0.tgz",
					"integrity": "sha1-WuRpYyQ2ACBmdMyySgnhZnT83KE="
				}
			}
		},
		"esmangle": {
			"version": "1.0.1",
			"resolved": "https://registry.npmjs.org/esmangle/-/esmangle-1.0.1.tgz",
			"integrity": "sha1-2bs3uPjq+/Tm1O1reqKVarvTxMI=",
			"requires": {
				"escodegen": "~1.3.2",
				"escope": "~1.0.1",
				"esprima": "~1.1.1",
				"esshorten": "~1.1.0",
				"estraverse": "~1.5.0",
				"esutils": "~ 1.0.0",
				"optionator": "~0.3.0",
				"source-map": "~0.1.33"
			},
			"dependencies": {
				"escodegen": {
					"version": "1.3.3",
					"resolved": "https://registry.npmjs.org/escodegen/-/escodegen-1.3.3.tgz",
					"integrity": "sha1-8CQBb1qI4Eb9EgBQVek5gC5sXyM=",
					"requires": {
						"esprima": "~1.1.1",
						"estraverse": "~1.5.0",
						"esutils": "~1.0.0",
						"source-map": "~0.1.33"
					}
				},
				"esprima": {
					"version": "1.1.1",
					"resolved": "https://registry.npmjs.org/esprima/-/esprima-1.1.1.tgz",
					"integrity": "sha1-W28VR/TRAuZw4UDFCb5ncdautUk="
				},
				"estraverse": {
					"version": "1.5.1",
					"resolved": "https://registry.npmjs.org/estraverse/-/estraverse-1.5.1.tgz",
					"integrity": "sha1-hno+jlip+EYYr7bC3bzZFrfLr3E="
				},
				"esutils": {
					"version": "1.0.0",
					"resolved": "https://registry.npmjs.org/esutils/-/esutils-1.0.0.tgz",
					"integrity": "sha1-gVHTWOIMisx/t0XnRywAJf5JZXA="
				},
				"fast-levenshtein": {
					"version": "1.0.7",
					"resolved": "https://registry.npmjs.org/fast-levenshtein/-/fast-levenshtein-1.0.7.tgz",
					"integrity": "sha1-AXjc3uAjuSkFGTrwlZ6KdjnP3Lk="
				},
				"levn": {
					"version": "0.2.5",
					"resolved": "https://registry.npmjs.org/levn/-/levn-0.2.5.tgz",
					"integrity": "sha1-uo0znQykphDjo/FFucr0iAcVUFQ=",
					"requires": {
						"prelude-ls": "~1.1.0",
						"type-check": "~0.3.1"
					}
				},
				"optionator": {
					"version": "0.3.0",
					"resolved": "https://registry.npmjs.org/optionator/-/optionator-0.3.0.tgz",
					"integrity": "sha1-lxWotfXnWGz/BsgkngOc1zZNP1Q=",
					"requires": {
						"deep-is": "~0.1.2",
						"fast-levenshtein": "~1.0.0",
						"levn": "~0.2.4",
						"prelude-ls": "~1.1.0",
						"type-check": "~0.3.1",
						"wordwrap": "~0.0.2"
					}
				},
				"source-map": {
					"version": "0.1.43",
					"resolved": "https://registry.npmjs.org/source-map/-/source-map-0.1.43.tgz",
					"integrity": "sha1-wkvBRspRfBRx9drL4lcbK3+eM0Y=",
					"requires": {
						"amdefine": ">=0.0.4"
					}
				}
			}
		},
		"esprima": {
			"version": "4.0.1",
			"resolved": "https://registry.npmjs.org/esprima/-/esprima-4.0.1.tgz",
			"integrity": "sha512-eGuFFw7Upda+g4p+QHvnW0RyTX/SVeJBDM/gCtMARO0cLuT2HcEKnTPvhjV6aGeqrCB/sbNop0Kszm0jsaWU4A=="
		},
		"esshorten": {
			"version": "1.1.1",
			"resolved": "https://registry.npmjs.org/esshorten/-/esshorten-1.1.1.tgz",
			"integrity": "sha1-F0+Wt8wmfkaHLYFOfbfCkL3/Yak=",
			"requires": {
				"escope": "~1.0.1",
				"estraverse": "~4.1.1",
				"esutils": "~2.0.2"
			},
			"dependencies": {
				"estraverse": {
					"version": "4.1.1",
					"resolved": "https://registry.npmjs.org/estraverse/-/estraverse-4.1.1.tgz",
					"integrity": "sha1-9srKcokzqFDvkGYdDheYK6RxEaI="
				}
			}
		},
		"estraverse": {
			"version": "5.2.0",
			"resolved": "https://registry.npmjs.org/estraverse/-/estraverse-5.2.0.tgz",
			"integrity": "sha512-BxbNGGNm0RyRYvUdHpIwv9IWzeM9XClbOxwoATuFdOE7ZE6wHL+HQ5T8hoPM+zHvmKzzsEqhgy0GrQ5X13afiQ=="
		},
		"esutils": {
			"version": "2.0.3",
			"resolved": "https://registry.npmjs.org/esutils/-/esutils-2.0.3.tgz",
			"integrity": "sha512-kVscqXk4OCp68SZ0dkgEKVi6/8ij300KBWTJq32P/dYeWTSwK41WyTxalN1eRmA5Z9UU/LX9D7FWSmV9SAYx6g=="
		},
		"fast-levenshtein": {
			"version": "2.0.6",
			"resolved": "https://registry.npmjs.org/fast-levenshtein/-/fast-levenshtein-2.0.6.tgz",
			"integrity": "sha1-PYpcZog6FqMMqGQ+hR8Zuqd5eRc="
		},
		"get-caller-file": {
			"version": "2.0.5",
			"resolved": "https://registry.npmjs.org/get-caller-file/-/get-caller-file-2.0.5.tgz",
			"integrity": "sha512-DyFP3BM/3YHTQOCUL/w0OZHR0lpKeGrxotcHWcqNEdnltqFwXVfhEBQ94eIo34AfQpo0rGki4cyIiftY06h2Fg=="
		},
		"is-fullwidth-code-point": {
			"version": "3.0.0",
			"resolved": "https://registry.npmjs.org/is-fullwidth-code-point/-/is-fullwidth-code-point-3.0.0.tgz",
			"integrity": "sha512-zymm5+u+sCsSWyD9qNaejV3DFvhCKclKdizYaJUuHA83RLjb7nSuGnddCHGv0hk+KY7BMAlsWeK4Ueg6EV6XQg=="
		},
		"levn": {
			"version": "0.3.0",
			"resolved": "https://registry.npmjs.org/levn/-/levn-0.3.0.tgz",
			"integrity": "sha1-OwmSTt+fCDwEkP3UwLxEIeBHZO4=",
			"requires": {
				"prelude-ls": "~1.1.2",
				"type-check": "~0.3.2"
			}
		},
		"optionator": {
			"version": "0.8.3",
			"resolved": "https://registry.npmjs.org/optionator/-/optionator-0.8.3.tgz",
			"integrity": "sha512-+IW9pACdk3XWmmTXG8m3upGUJst5XRGzxMRjXzAuJ1XnIFNvfhjjIuYkDvysnPQ7qzqVzLt78BCruntqRhWQbA==",
			"requires": {
				"deep-is": "~0.1.3",
				"fast-levenshtein": "~2.0.6",
				"levn": "~0.3.0",
				"prelude-ls": "~1.1.2",
				"type-check": "~0.3.2",
				"word-wrap": "~1.2.3"
			}
		},
		"patrisika": {
			"version": "0.24.0",
			"resolved": "https://registry.npmjs.org/patrisika/-/patrisika-0.24.0.tgz",
			"integrity": "sha512-vIXRwNNZic/jMtMGCmWG0+b3vg2zKqeNgY4NHKHkevUc+eIY7iudIXMGwnDY45mavfHxmEhATxnpkMJvBwCCqA==",
			"requires": {
				"patrisika-scopes": "^0.12.0"
			}
		},
		"patrisika-scopes": {
			"version": "0.12.0",
			"resolved": "https://registry.npmjs.org/patrisika-scopes/-/patrisika-scopes-0.12.0.tgz",
			"integrity": "sha512-rj428KYq5leS75PCDl6iyl91n6/d63yw1ikHYwd1z9UXwWk11Vj2gpTu0CxjLZJJOiFNA01LiX+WMpC5icCKng=="
		},
		"prelude-ls": {
			"version": "1.1.2",
			"resolved": "https://registry.npmjs.org/prelude-ls/-/prelude-ls-1.1.2.tgz",
			"integrity": "sha1-IZMqVJ9eUv/ZqCf1cOBL5iqX2lQ="
		},
		"require-directory": {
			"version": "2.1.1",
			"resolved": "https://registry.npmjs.org/require-directory/-/require-directory-2.1.1.tgz",
			"integrity": "sha1-jGStX9MNqxyXbiNE/+f3kqam30I="
		},
		"resumer": {
			"version": "0.0.0",
			"resolved": "https://registry.npmjs.org/resumer/-/resumer-0.0.0.tgz",
			"integrity": "sha1-8ej0YeQGS6Oegq883CqMiT0HZ1k=",
			"requires": {
				"through": "~2.3.4"
			}
		},
		"source-map": {
			"version": "0.6.1",
			"resolved": "https://registry.npmjs.org/source-map/-/source-map-0.6.1.tgz",
			"integrity": "sha512-UjgapumWlbMhkBgzT7Ykc5YXUT46F0iKu8SGXq0bcwP5dz/h0Plj6enJqjz1Zbq2l5WaqYnrVbwWOWMyF3F47g==",
			"optional": true
		},
		"string-width": {
			"version": "4.2.2",
			"resolved": "https://registry.npmjs.org/string-width/-/string-width-4.2.2.tgz",
			"integrity": "sha512-XBJbT3N4JhVumXE0eoLU9DCjcaF92KLNqTmFCnG1pf8duUxFGwtP6AD6nkjw9a3IdiRtL3E2w3JDiE/xi3vOeA==",
			"requires": {
				"emoji-regex": "^8.0.0",
				"is-fullwidth-code-point": "^3.0.0",
				"strip-ansi": "^6.0.0"
			}
		},
		"strip-ansi": {
			"version": "6.0.0",
			"resolved": "https://registry.npmjs.org/strip-ansi/-/strip-ansi-6.0.0.tgz",
			"integrity": "sha512-AuvKTrTfQNYNIctbR1K/YGTR1756GycPsg7b9bdV9Duqur4gv6aKqHXah67Z8ImS7WEz5QVcOtlfW2rZEugt6w==",
			"requires": {
				"ansi-regex": "^5.0.0"
			}
		},
		"through": {
			"version": "2.3.8",
			"resolved": "https://registry.npmjs.org/through/-/through-2.3.8.tgz",
			"integrity": "sha1-DdTJ/6q8NXlgsbckEV1+Doai4fU="
		},
		"type-check": {
			"version": "0.3.2",
			"resolved": "https://registry.npmjs.org/type-check/-/type-check-0.3.2.tgz",
			"integrity": "sha1-WITKtRLPHTVeP7eE8wgEsrUg23I=",
			"requires": {
				"prelude-ls": "~1.1.2"
			}
		},
		"word-wrap": {
			"version": "1.2.3",
			"resolved": "https://registry.npmjs.org/word-wrap/-/word-wrap-1.2.3.tgz",
			"integrity": "sha512-Hz/mrNwitNRh/HUAtM/VT/5VH+ygD6DV7mYKZAtHOrbs8U7lvPS6xf7EJKMF0uW1KJCl0H701g3ZGus+muE5vQ=="
		},
		"wordwrap": {
			"version": "0.0.3",
			"resolved": "https://registry.npmjs.org/wordwrap/-/wordwrap-0.0.3.tgz",
			"integrity": "sha1-o9XabNXAvAAI03I0u68b7WMFkQc="
		},
		"wrap-ansi": {
			"version": "7.0.0",
			"resolved": "https://registry.npmjs.org/wrap-ansi/-/wrap-ansi-7.0.0.tgz",
			"integrity": "sha512-YVGIj2kamLSTxw6NsZjoBxfSwsn0ycdesmc4p+Q21c5zPuZ1pl+NfxVdxPtdHvmNVOQ6XSYG4AUtyt/Fi7D16Q==",
			"requires": {
				"ansi-styles": "^4.0.0",
				"string-width": "^4.1.0",
				"strip-ansi": "^6.0.0"
			}
		},
		"y18n": {
			"version": "5.0.8",
			"resolved": "https://registry.npmjs.org/y18n/-/y18n-5.0.8.tgz",
			"integrity": "sha512-0pfFzegeDWJHJIAmTLRP2DwHjdF5s7jo9tuztdQxAhINCdvS+3nGINqPd00AphqJR/0LhANUS6/+7SCb98YOfA=="
		},
		"yargs": {
			"version": "16.2.0",
			"resolved": "https://registry.npmjs.org/yargs/-/yargs-16.2.0.tgz",
			"integrity": "sha512-D1mvvtDG0L5ft/jGWkLpG1+m0eQxOfaBvTNELraWj22wSVUMWxZUvYgJYcKh6jGGIkJFhH4IZPQhR4TKpc8mBw==",
			"requires": {
				"cliui": "^7.0.2",
				"escalade": "^3.1.1",
				"get-caller-file": "^2.0.5",
				"require-directory": "^2.1.1",
				"string-width": "^4.2.0",
				"y18n": "^5.0.5",
				"yargs-parser": "^20.2.2"
			}
		},
		"yargs-parser": {
			"version": "20.2.9",
			"resolved": "https://registry.npmjs.org/yargs-parser/-/yargs-parser-20.2.9.tgz",
			"integrity": "sha512-y11nGElTIV+CT3Zv9t7VKl+Q3hTQoT9a1Qzezhhl6Rp21gJ/IVTW7Z3y9EWXhuUBC2Shnf+DX0antecpAwSP8w=="
		}
	}
}
